
Microsoft Visual Studio Solution File, Format Version 12.00
# Visual Studio Version 17
VisualStudioVersion = 17.11.35327.3
MinimumVisualStudioVersion = 10.0.40219.1
Project("{9A19103F-16F7-4668-BE54-9A1E7A4F7556}") = "sapica-backend", "sapica-backend.csproj", "{F374CAF8-CF02-45E3-95F5-1057096BD26E}"
EndProject
Project("{FAE04EC0-301F-11D3-BF4B-00C04F79EFBC}") = "sapica-tests", "..\sapica-tests\sapica-tests.csproj", "{ACD9E568-81CB-43A7-AFA4-5866EC3F3569}"
EndProject
Global
	GlobalSection(SolutionConfigurationPlatforms) = preSolution
		Debug|Any CPU = Debug|Any CPU
		Release|Any CPU = Release|Any CPU
	EndGlobalSection
	GlobalSection(ProjectConfigurationPlatforms) = postSolution
		{F374CAF8-CF02-45E3-95F5-1057096BD26E}.Debug|Any CPU.ActiveCfg = Debug|Any CPU
		{F374CAF8-CF02-45E3-95F5-1057096BD26E}.Debug|Any CPU.Build.0 = Debug|Any CPU
		{F374CAF8-CF02-45E3-95F5-1057096BD26E}.Release|Any CPU.ActiveCfg = Release|Any CPU
		{F374CAF8-CF02-45E3-95F5-1057096BD26E}.Release|Any CPU.Build.0 = Release|Any CPU
		{ACD9E568-81CB-43A7-AFA4-5866EC3F3569}.Debug|Any CPU.ActiveCfg = Debug|Any CPU
		{ACD9E568-81CB-43A7-AFA4-5866EC3F3569}.Debug|Any CPU.Build.0 = Debug|Any CPU
		{ACD9E568-81CB-43A7-AFA4-5866EC3F3569}.Release|Any CPU.ActiveCfg = Release|Any CPU
		{ACD9E568-81CB-43A7-AFA4-5866EC3F3569}.Release|Any CPU.Build.0 = Release|Any CPU
	EndGlobalSection
	GlobalSection(SolutionProperties) = preSolution
		HideSolutionNode = FALSE
	EndGlobalSection
	GlobalSection(ExtensibilityGlobals) = postSolution
		SolutionGuid = {B9D9EA0C-A5B4-4AB1-932F-E78F111895D4}
	EndGlobalSection
EndGlobal
